
Microsoft Visual Studio Solution File, Format Version 12.00
# Visual Studio Version 17
VisualStudioVersion = 17.0.31903.59
MinimumVisualStudioVersion = 10.0.40219.1
Project("{2150E333-8FDC-42A3-9474-1A3956D46DE8}") = "src", "src", "{CF9BC7ED-D09C-4C4C-9287-CAD1E32E53E9}"
EndProject
Project("{FAE04EC0-301F-11D3-BF4B-00C04F79EFBC}") = "SEFRenewal.Console", "src\SEFRenewal.Console\SEFRenewal.Console.csproj", "{AD887E9F-C284-4BFD-BB5E-8C1CB8FCC7E9}"
EndProject
Global
	GlobalSection(SolutionConfigurationPlatforms) = preSolution
		Debug|Any CPU = Debug|Any CPU
		Release|Any CPU = Release|Any CPU
	EndGlobalSection
	GlobalSection(ProjectConfigurationPlatforms) = postSolution
		{AD887E9F-C284-4BFD-BB5E-8C1CB8FCC7E9}.Debug|Any CPU.ActiveCfg = Debug|Any CPU
		{AD887E9F-C284-4BFD-BB5E-8C1CB8FCC7E9}.Debug|Any CPU.Build.0 = Debug|Any CPU
		{AD887E9F-C284-4BFD-BB5E-8C1CB8FCC7E9}.Release|Any CPU.ActiveCfg = Release|Any CPU
		{AD887E9F-C284-4BFD-BB5E-8C1CB8FCC7E9}.Release|Any CPU.Build.0 = Release|Any CPU
	EndGlobalSection
	GlobalSection(SolutionProperties) = preSolution
		HideSolutionNode = FALSE
	EndGlobalSection
	GlobalSection(NestedProjects) = preSolution
		{AD887E9F-C284-4BFD-BB5E-8C1CB8FCC7E9} = {CF9BC7ED-D09C-4C4C-9287-CAD1E32E53E9}
	EndGlobalSection
	GlobalSection(ExtensibilityGlobals) = postSolution
		SolutionGuid = {42CC4DF6-820E-4349-BC01-A62E615A18FA}
	EndGlobalSection
EndGlobal
